// !$*UTF8*$!
{
	archiveVersion = 1;
	classes = {
	};
	objectVersion = 46;
	objects = {

/* Begin PBXBuildFile section */
		4905C5FD1A1420E10022D5F6 /* main.m in Sources */ = {isa = PBXBuildFile; fileRef = 4905C5FC1A1420E10022D5F6 /* main.m */; };
		4905C6001A1420E10022D5F6 /* AppDelegate.m in Sources */ = {isa = PBXBuildFile; fileRef = 4905C5FF1A1420E10022D5F6 /* AppDelegate.m */; };
		4905C6031A1420E10022D5F6 /* ViewController.m in Sources */ = {isa = PBXBuildFile; fileRef = 4905C6021A1420E10022D5F6 /* ViewController.m */; };
		4905C6061A1420E10022D5F6 /* Main.storyboard in Resources */ = {isa = PBXBuildFile; fileRef = 4905C6041A1420E10022D5F6 /* Main.storyboard */; };
		4905C6081A1420E10022D5F6 /* Images.xcassets in Resources */ = {isa = PBXBuildFile; fileRef = 4905C6071A1420E10022D5F6 /* Images.xcassets */; };
		4905C60B1A1420E10022D5F6 /* LaunchScreen.xib in Resources */ = {isa = PBXBuildFile; fileRef = 4905C6091A1420E10022D5F6 /* LaunchScreen.xib */; };
		4905C6171A1420E10022D5F6 /* FlashingFlagTests.m in Sources */ = {isa = PBXBuildFile; fileRef = 4905C6161A1420E10022D5F6 /* FlashingFlagTests.m */; };
		4905C6251A1428B40022D5F6 /* ContainerViewController.m in Sources */ = {isa = PBXBuildFile; fileRef = 4905C6241A1428B40022D5F6 /* ContainerViewController.m */; };
/* End PBXBuildFile section */

/* Begin PBXContainerItemProxy section */
		4905C6111A1420E10022D5F6 /* PBXContainerItemProxy */ = {
			isa = PBXContainerItemProxy;
			containerPortal = 4905C5EF1A1420E10022D5F6 /* Project object */;
			proxyType = 1;
			remoteGlobalIDString = 4905C5F61A1420E10022D5F6;
			remoteInfo = FlashingFlag;
		};
/* End PBXContainerItemProxy section */

/* Begin PBXFileReference section */
		4905C5F71A1420E10022D5F6 /* FlashingFlag.app */ = {isa = PBXFileReference; explicitFileType = wrapper.application; includeInIndex = 0; path = FlashingFlag.app; sourceTree = BUILT_PRODUCTS_DIR; };
		4905C5FB1A1420E10022D5F6 /* Info.plist */ = {isa = PBXFileReference; lastKnownFileType = text.plist.xml; path = Info.plist; sourceTree = "<group>"; };
		4905C5FC1A1420E10022D5F6 /* main.m */ = {isa = PBXFileReference; lastKnownFileType = sourcecode.c.objc; path = main.m; sourceTree = "<group>"; };
		4905C5FE1A1420E10022D5F6 /* AppDelegate.h */ = {isa = PBXFileReference; lastKnownFileType = sourcecode.c.h; path = AppDelegate.h; sourceTree = "<group>"; };
		4905C5FF1A1420E10022D5F6 /* AppDelegate.m */ = {isa = PBXFileReference; lastKnownFileType = sourcecode.c.objc; path = AppDelegate.m; sourceTree = "<group>"; };
		4905C6011A1420E10022D5F6 /* ViewController.h */ = {isa = PBXFileReference; lastKnownFileType = sourcecode.c.h; path = ViewController.h; sourceTree = "<group>"; };
		4905C6021A1420E10022D5F6 /* ViewController.m */ = {isa = PBXFileReference; lastKnownFileType = sourcecode.c.objc; path = ViewController.m; sourceTree = "<group>"; };
		4905C6051A1420E10022D5F6 /* Base */ = {isa = PBXFileReference; lastKnownFileType = file.storyboard; name = Base; path = Base.lproj/Main.storyboard; sourceTree = "<group>"; };
		4905C6071A1420E10022D5F6 /* Images.xcassets */ = {isa = PBXFileReference; lastKnownFileType = folder.assetcatalog; path = Images.xcassets; sourceTree = "<group>"; };
		4905C60A1A1420E10022D5F6 /* Base */ = {isa = PBXFileReference; lastKnownFileType = file.xib; name = Base; path = Base.lproj/LaunchScreen.xib; sourceTree = "<group>"; };
		4905C6101A1420E10022D5F6 /* FlashingFlagTests.xctest */ = {isa = PBXFileReference; explicitFileType = wrapper.cfbundle; includeInIndex = 0; path = FlashingFlagTests.xctest; sourceTree = BUILT_PRODUCTS_DIR; };
		4905C6151A1420E10022D5F6 /* Info.plist */ = {isa = PBXFileReference; lastKnownFileType = text.plist.xml; path = Info.plist; sourceTree = "<group>"; };
		4905C6161A1420E10022D5F6 /* FlashingFlagTests.m */ = {isa = PBXFileReference; lastKnownFileType = sourcecode.c.objc; path = FlashingFlagTests.m; sourceTree = "<group>"; };
		4905C6231A1428B40022D5F6 /* ContainerViewController.h */ = {isa = PBXFileReference; fileEncoding = 4; lastKnownFileType = sourcecode.c.h; path = ContainerViewController.h; sourceTree = "<group>"; };
		4905C6241A1428B40022D5F6 /* ContainerViewController.m */ = {isa = PBXFileReference; fileEncoding = 4; lastKnownFileType = sourcecode.c.objc; path = ContainerViewController.m; sourceTree = "<group>"; };
/* End PBXFileReference section */

/* Begin PBXFrameworksBuildPhase section */
		4905C5F41A1420E10022D5F6 /* Frameworks */ = {
			isa = PBXFrameworksBuildPhase;
			buildActionMask = 2147483647;
			files = (
			);
			runOnlyForDeploymentPostprocessing = 0;
		};
		4905C60D1A1420E10022D5F6 /* Frameworks */ = {
			isa = PBXFrameworksBuildPhase;
			buildActionMask = 2147483647;
			files = (
			);
			runOnlyForDeploymentPostprocessing = 0;
		};
/* End PBXFrameworksBuildPhase section */

/* Begin PBXGroup section */
		4905C5EE1A1420E10022D5F6 = {
			isa = PBXGroup;
			children = (
				4905C5F91A1420E10022D5F6 /* FlashingFlag */,
				4905C6131A1420E10022D5F6 /* FlashingFlagTests */,
				4905C5F81A1420E10022D5F6 /* Products */,
			);
			sourceTree = "<group>";
		};
		4905C5F81A1420E10022D5F6 /* Products */ = {
			isa = PBXGroup;
			children = (
				4905C5F71A1420E10022D5F6 /* FlashingFlag.app */,
				4905C6101A1420E10022D5F6 /* FlashingFlagTests.xctest */,
			);
			name = Products;
			sourceTree = "<group>";
		};
		4905C5F91A1420E10022D5F6 /* FlashingFlag */ = {
			isa = PBXGroup;
			children = (
				4905C6231A1428B40022D5F6 /* ContainerViewController.h */,
				4905C6241A1428B40022D5F6 /* ContainerViewController.m */,
				4905C5FE1A1420E10022D5F6 /* AppDelegate.h */,
				4905C5FF1A1420E10022D5F6 /* AppDelegate.m */,
				4905C6011A1420E10022D5F6 /* ViewController.h */,
				4905C6021A1420E10022D5F6 /* ViewController.m */,
				4905C6041A1420E10022D5F6 /* Main.storyboard */,
				4905C6071A1420E10022D5F6 /* Images.xcassets */,
				4905C6091A1420E10022D5F6 /* LaunchScreen.xib */,
				4905C5FA1A1420E10022D5F6 /* Supporting Files */,
			);
			path = FlashingFlag;
			sourceTree = "<group>";
		};
		4905C5FA1A1420E10022D5F6 /* Supporting Files */ = {
			isa = PBXGroup;
			children = (
				4905C5FB1A1420E10022D5F6 /* Info.plist */,
				4905C5FC1A1420E10022D5F6 /* main.m */,
			);
			name = "Supporting Files";
			sourceTree = "<group>";
		};
		4905C6131A1420E10022D5F6 /* FlashingFlagTests */ = {
			isa = PBXGroup;
			children = (
				4905C6161A1420E10022D5F6 /* FlashingFlagTests.m */,
				4905C6141A1420E10022D5F6 /* Supporting Files */,
			);
			path = FlashingFlagTests;
			sourceTree = "<group>";
		};
		4905C6141A1420E10022D5F6 /* Supporting Files */ = {
			isa = PBXGroup;
			children = (
				4905C6151A1420E10022D5F6 /* Info.plist */,
			);
			name = "Supporting Files";
			sourceTree = "<group>";
		};
/* End PBXGroup section */

/* Begin PBXNativeTarget section */
		4905C5F61A1420E10022D5F6 /* FlashingFlag */ = {
			isa = PBXNativeTarget;
			buildConfigurationList = 4905C61A1A1420E10022D5F6 /* Build configuration list for PBXNativeTarget "FlashingFlag" */;
			buildPhases = (
				4905C5F31A1420E10022D5F6 /* Sources */,
				4905C5F41A1420E10022D5F6 /* Frameworks */,
				4905C5F51A1420E10022D5F6 /* Resources */,
			);
			buildRules = (
			);
			dependencies = (
			);
			name = FlashingFlag;
			productName = FlashingFlag;
			productReference = 4905C5F71A1420E10022D5F6 /* FlashingFlag.app */;
			productType = "com.apple.product-type.application";
		};
		4905C60F1A1420E10022D5F6 /* FlashingFlagTests */ = {
			isa = PBXNativeTarget;
			buildConfigurationList = 4905C61D1A1420E10022D5F6 /* Build configuration list for PBXNativeTarget "FlashingFlagTests" */;
			buildPhases = (
				4905C60C1A1420E10022D5F6 /* Sources */,
				4905C60D1A1420E10022D5F6 /* Frameworks */,
				4905C60E1A1420E10022D5F6 /* Resources */,
			);
			buildRules = (
			);
			dependencies = (
				4905C6121A1420E10022D5F6 /* PBXTargetDependency */,
			);
			name = FlashingFlagTests;
			productName = FlashingFlagTests;
			productReference = 4905C6101A1420E10022D5F6 /* FlashingFlagTests.xctest */;
			productType = "com.apple.product-type.bundle.unit-test";
		};
/* End PBXNativeTarget section */

/* Begin PBXProject section */
		4905C5EF1A1420E10022D5F6 /* Project object */ = {
			isa = PBXProject;
			attributes = {
				LastUpgradeCheck = 0610;
				ORGANIZATIONNAME = "Wizart Interactive";
				TargetAttributes = {
					4905C5F61A1420E10022D5F6 = {
						CreatedOnToolsVersion = 6.1;
					};
					4905C60F1A1420E10022D5F6 = {
						CreatedOnToolsVersion = 6.1;
						TestTargetID = 4905C5F61A1420E10022D5F6;
					};
				};
			};
			buildConfigurationList = 4905C5F21A1420E10022D5F6 /* Build configuration list for PBXProject "FlashingFlag" */;
			compatibilityVersion = "Xcode 3.2";
			developmentRegion = English;
			hasScannedForEncodings = 0;
			knownRegions = (
				en,
				Base,
			);
			mainGroup = 4905C5EE1A1420E10022D5F6;
			productRefGroup = 4905C5F81A1420E10022D5F6 /* Products */;
			projectDirPath = "";
			projectRoot = "";
			targets = (
				4905C5F61A1420E10022D5F6 /* FlashingFlag */,
				4905C60F1A1420E10022D5F6 /* FlashingFlagTests */,
			);
		};
/* End PBXProject section */

/* Begin PBXResourcesBuildPhase section */
		4905C5F51A1420E10022D5F6 /* Resources */ = {
			isa = PBXResourcesBuildPhase;
			buildActionMask = 2147483647;
			files = (
				4905C6061A1420E10022D5F6 /* Main.storyboard in Resources */,
				4905C60B1A1420E10022D5F6 /* LaunchScreen.xib in Resources */,
				4905C6081A1420E10022D5F6 /* Images.xcassets in Resources */,
			);
			runOnlyForDeploymentPostprocessing = 0;
		};
		4905C60E1A1420E10022D5F6 /* Resources */ = {
			isa = PBXResourcesBuildPhase;
			buildActionMask = 2147483647;
			files = (
			);
			runOnlyForDeploymentPostprocessing = 0;
		};
/* End PBXResourcesBuildPhase section */

/* Begin PBXSourcesBuildPhase section */
		4905C5F31A1420E10022D5F6 /* Sources */ = {
			isa = PBXSourcesBuildPhase;
			buildActionMask = 2147483647;
			files = (
				4905C6031A1420E10022D5F6 /* ViewController.m in Sources */,
				4905C6001A1420E10022D5F6 /* AppDelegate.m in Sources */,
				4905C6251A1428B40022D5F6 /* ContainerViewController.m in Sources */,
				4905C5FD1A1420E10022D5F6 /* main.m in Sources */,
			);
			runOnlyForDeploymentPostprocessing = 0;
		};
		4905C60C1A1420E10022D5F6 /* Sources */ = {
			isa = PBXSourcesBuildPhase;
			buildActionMask = 2147483647;
			files = (
				4905C6171A1420E10022D5F6 /* FlashingFlagTests.m in Sources */,
			);
			runOnlyForDeploymentPostprocessing = 0;
		};
/* End PBXSourcesBuildPhase section */

/* Begin PBXTargetDependency section */
		4905C6121A1420E10022D5F6 /* PBXTargetDependency */ = {
			isa = PBXTargetDependency;
			target = 4905C5F61A1420E10022D5F6 /* FlashingFlag */;
			targetProxy = 4905C6111A1420E10022D5F6 /* PBXContainerItemProxy */;
		};
/* End PBXTargetDependency section */

/* Begin PBXVariantGroup section */
		4905C6041A1420E10022D5F6 /* Main.storyboard */ = {
			isa = PBXVariantGroup;
			children = (
				4905C6051A1420E10022D5F6 /* Base */,
			);
			name = Main.storyboard;
			sourceTree = "<group>";
		};
		4905C6091A1420E10022D5F6 /* LaunchScreen.xib */ = {
			isa = PBXVariantGroup;
			children = (
				4905C60A1A1420E10022D5F6 /* Base */,
			);
			name = LaunchScreen.xib;
			sourceTree = "<group>";
		};
/* End PBXVariantGroup section */

/* Begin XCBuildConfiguration section */
		4905C6181A1420E10022D5F6 /* Debug */ = {
			isa = XCBuildConfiguration;
			buildSettings = {
				ALWAYS_SEARCH_USER_PATHS = NO;
				CLANG_CXX_LANGUAGE_STANDARD = "gnu++0x";
				CLANG_CXX_LIBRARY = "libc++";
				CLANG_ENABLE_MODULES = YES;
				CLANG_ENABLE_OBJC_ARC = YES;
				CLANG_WARN_BOOL_CONVERSION = YES;
				CLANG_WARN_CONSTANT_CONVERSION = YES;
				CLANG_WARN_DIRECT_OBJC_ISA_USAGE = YES_ERROR;
				CLANG_WARN_EMPTY_BODY = YES;
				CLANG_WARN_ENUM_CONVERSION = YES;
				CLANG_WARN_INT_CONVERSION = YES;
				CLANG_WARN_OBJC_ROOT_CLASS = YES_ERROR;
				CLANG_WARN_UNREACHABLE_CODE = YES;
				CLANG_WARN__DUPLICATE_METHOD_MATCH = YES;
				"CODE_SIGN_IDENTITY[sdk=iphoneos*]" = "iPhone Developer";
				COPY_PHASE_STRIP = NO;
				ENABLE_STRICT_OBJC_MSGSEND = YES;
				GCC_C_LANGUAGE_STANDARD = gnu99;
				GCC_DYNAMIC_NO_PIC = NO;
				GCC_OPTIMIZATION_LEVEL = 0;
				GCC_PREPROCESSOR_DEFINITIONS = (
					"DEBUG=1",
					"$(inherited)",
				);
				GCC_SYMBOLS_PRIVATE_EXTERN = NO;
				GCC_WARN_64_TO_32_BIT_CONVERSION = YES;
				GCC_WARN_ABOUT_RETURN_TYPE = YES_ERROR;
				GCC_WARN_UNDECLARED_SELECTOR = YES;
				GCC_WARN_UNINITIALIZED_AUTOS = YES_AGGRESSIVE;
				GCC_WARN_UNUSED_FUNCTION = YES;
				GCC_WARN_UNUSED_VARIABLE = YES;
				IPHONEOS_DEPLOYMENT_TARGET = 8.1;
				MTL_ENABLE_DEBUG_INFO = YES;
				ONLY_ACTIVE_ARCH = YES;
				SDKROOT = iphoneos;
			};
			name = Debug;
		};
		4905C6191A1420E10022D5F6 /* Release */ = {
			isa = XCBuildConfiguration;
			buildSettings = {
				ALWAYS_SEARCH_USER_PATHS = NO;
				CLANG_CXX_LANGUAGE_STANDARD = "gnu++0x";
				CLANG_CXX_LIBRARY = "libc++";
				CLANG_ENABLE_MODULES = YES;
				CLANG_ENABLE_OBJC_ARC = YES;
				CLANG_WARN_BOOL_CONVERSION = YES;
				CLANG_WARN_CONSTANT_CONVERSION = YES;
				CLANG_WARN_DIRECT_OBJC_ISA_USAGE = YES_ERROR;
				CLANG_WARN_EMPTY_BODY = YES;
				CLANG_WARN_ENUM_CONVERSION = YES;
				CLANG_WARN_INT_CONVERSION = YES;
				CLANG_WARN_OBJC_ROOT_CLASS = YES_ERROR;
				CLANG_WARN_UNREACHABLE_CODE = YES;
				CLANG_WARN__DUPLICATE_METHOD_MATCH = YES;
				"CODE_SIGN_IDENTITY[sdk=iphoneos*]" = "iPhone Developer";
				COPY_PHASE_STRIP = YES;
				ENABLE_NS_ASSERTIONS = NO;
				ENABLE_STRICT_OBJC_MSGSEND = YES;
				GCC_C_LANGUAGE_STANDARD = gnu99;
				GCC_WARN_64_TO_32_BIT_CONVERSION = YES;
				GCC_WARN_ABOUT_RETURN_TYPE = YES_ERROR;
				GCC_WARN_UNDECLARED_SELECTOR = YES;
				GCC_WARN_UNINITIALIZED_AUTOS = YES_AGGRESSIVE;
				GCC_WARN_UNUSED_FUNCTION = YES;
				GCC_WARN_UNUSED_VARIABLE = YES;
				IPHONEOS_DEPLOYMENT_TARGET = 8.1;
				MTL_ENABLE_DEBUG_INFO = NO;
				SDKROOT = iphoneos;
				VALIDATE_PRODUCT = YES;
			};
			name = Release;
		};
		4905C61B1A1420E10022D5F6 /* Debug */ = {
			isa = XCBuildConfiguration;
			buildSettings = {
				ASSETCATALOG_COMPILER_APPICON_NAME = AppIcon;
				INFOPLIST_FILE = FlashingFlag/Info.plist;
				LD_RUNPATH_SEARCH_PATHS = "$(inherited) @executable_path/Frameworks";
				PRODUCT_NAME = "$(TARGET_NAME)";
			};
			name = Debug;
		};
		4905C61C1A1420E10022D5F6 /* Release */ = {
			isa = XCBuildConfiguration;
			buildSettings = {
				ASSETCATALOG_COMPILER_APPICON_NAME = AppIcon;
				INFOPLIST_FILE = FlashingFlag/Info.plist;
				LD_RUNPATH_SEARCH_PATHS = "$(inherited) @executable_path/Frameworks";
				PRODUCT_NAME = "$(TARGET_NAME)";
			};
			name = Release;
		};
		4905C61E1A1420E10022D5F6 /* Debug */ = {
			isa = XCBuildConfiguration;
			buildSettings = {
				BUNDLE_LOADER = "$(TEST_HOST)";
				FRAMEWORK_SEARCH_PATHS = (
					"$(SDKROOT)/Developer/Library/Frameworks",
					"$(inherited)",
				);
				GCC_PREPROCESSOR_DEFINITIONS = (
					"DEBUG=1",
					"$(inherited)",
				);
				INFOPLIST_FILE = FlashingFlagTests/Info.plist;
				LD_RUNPATH_SEARCH_PATHS = "$(inherited) @executable_path/Frameworks @loader_path/Frameworks";
				PRODUCT_NAME = "$(TARGET_NAME)";
				TEST_HOST = "$(BUILT_PRODUCTS_DIR)/FlashingFlag.app/FlashingFlag";
			};
			name = Debug;
		};
		4905C61F1A1420E10022D5F6 /* Release */ = {
			isa = XCBuildConfiguration;
			buildSettings = {
				BUNDLE_LOADER = "$(TEST_HOST)";
				FRAMEWORK_SEARCH_PATHS = (
					"$(SDKROOT)/Developer/Library/Frameworks",
					"$(inherited)",
				);
				INFOPLIST_FILE = FlashingFlagTests/Info.plist;
				LD_RUNPATH_SEARCH_PATHS = "$(inherited) @executable_path/Frameworks @loader_path/Frameworks";
				PRODUCT_NAME = "$(TARGET_NAME)";
				TEST_HOST = "$(BUILT_PRODUCTS_DIR)/FlashingFlag.app/FlashingFlag";
			};
			name = Release;
		};
/* End XCBuildConfiguration section */

/* Begin XCConfigurationList section */
		4905C5F21A1420E10022D5F6 /* Build configuration list for PBXProject "FlashingFlag" */ = {
			isa = XCConfigurationList;
			buildConfigurations = (
				4905C6181A1420E10022D5F6 /* Debug */,
				4905C6191A1420E10022D5F6 /* Release */,
			);
			defaultConfigurationIsVisible = 0;
			defaultConfigurationName = Release;
		};
		4905C61A1A1420E10022D5F6 /* Build configuration list for PBXNativeTarget "FlashingFlag" */ = {
			isa = XCConfigurationList;
			buildConfigurations = (
				4905C61B1A1420E10022D5F6 /* Debug */,
				4905C61C1A1420E10022D5F6 /* Release */,
			);
			defaultConfigurationIsVisible = 0;
		};
		4905C61D1A1420E10022D5F6 /* Build configuration list for PBXNativeTarget "FlashingFlagTests" */ = {
			isa = XCConfigurationList;
			buildConfigurations = (
				4905C61E1A1420E10022D5F6 /* Debug */,
				4905C61F1A1420E10022D5F6 /* Release */,
			);
			defaultConfigurationIsVisible = 0;
		};
/* End XCConfigurationList section */
	};
	rootObject = 4905C5EF1A1420E10022D5F6 /* Project object */;
}
