// !$*UTF8*$!
{
	archiveVersion = 1;
	classes = {
	};
	objectVersion = 46;
	objects = {

/* Begin PBXBuildFile section */
		4905C5CB1A13D93F0022D5F6 /* main.m in Sources */ = {isa = PBXBuildFile; fileRef = 4905C5CA1A13D93F0022D5F6 /* main.m */; };
		4905C5CE1A13D93F0022D5F6 /* AppDelegate.m in Sources */ = {isa = PBXBuildFile; fileRef = 4905C5CD1A13D93F0022D5F6 /* AppDelegate.m */; };
		4905C5D11A13D93F0022D5F6 /* ViewController.m in Sources */ = {isa = PBXBuildFile; fileRef = 4905C5D01A13D93F0022D5F6 /* ViewController.m */; };
		4905C5D41A13D93F0022D5F6 /* Main.storyboard in Resources */ = {isa = PBXBuildFile; fileRef = 4905C5D21A13D93F0022D5F6 /* Main.storyboard */; };
		4905C5D61A13D93F0022D5F6 /* Images.xcassets in Resources */ = {isa = PBXBuildFile; fileRef = 4905C5D51A13D93F0022D5F6 /* Images.xcassets */; };
		4905C5D91A13D93F0022D5F6 /* LaunchScreen.xib in Resources */ = {isa = PBXBuildFile; fileRef = 4905C5D71A13D93F0022D5F6 /* LaunchScreen.xib */; };
		4905C5E51A13D93F0022D5F6 /* OpenGLRedAlertTests.m in Sources */ = {isa = PBXBuildFile; fileRef = 4905C5E41A13D93F0022D5F6 /* OpenGLRedAlertTests.m */; };
/* End PBXBuildFile section */

/* Begin PBXContainerItemProxy section */
		4905C5DF1A13D93F0022D5F6 /* PBXContainerItemProxy */ = {
			isa = PBXContainerItemProxy;
			containerPortal = 4905C5BD1A13D93F0022D5F6 /* Project object */;
			proxyType = 1;
			remoteGlobalIDString = 4905C5C41A13D93F0022D5F6;
			remoteInfo = OpenGLRedAlert;
		};
/* End PBXContainerItemProxy section */

/* Begin PBXFileReference section */
		4905C5C51A13D93F0022D5F6 /* OpenGLRedAlert.app */ = {isa = PBXFileReference; explicitFileType = wrapper.application; includeInIndex = 0; path = OpenGLRedAlert.app; sourceTree = BUILT_PRODUCTS_DIR; };
		4905C5C91A13D93F0022D5F6 /* Info.plist */ = {isa = PBXFileReference; lastKnownFileType = text.plist.xml; path = Info.plist; sourceTree = "<group>"; };
		4905C5CA1A13D93F0022D5F6 /* main.m */ = {isa = PBXFileReference; lastKnownFileType = sourcecode.c.objc; path = main.m; sourceTree = "<group>"; };
		4905C5CC1A13D93F0022D5F6 /* AppDelegate.h */ = {isa = PBXFileReference; lastKnownFileType = sourcecode.c.h; path = AppDelegate.h; sourceTree = "<group>"; };
		4905C5CD1A13D93F0022D5F6 /* AppDelegate.m */ = {isa = PBXFileReference; lastKnownFileType = sourcecode.c.objc; path = AppDelegate.m; sourceTree = "<group>"; };
		4905C5CF1A13D93F0022D5F6 /* ViewController.h */ = {isa = PBXFileReference; lastKnownFileType = sourcecode.c.h; path = ViewController.h; sourceTree = "<group>"; };
		4905C5D01A13D93F0022D5F6 /* ViewController.m */ = {isa = PBXFileReference; lastKnownFileType = sourcecode.c.objc; path = ViewController.m; sourceTree = "<group>"; };
		4905C5D31A13D93F0022D5F6 /* Base */ = {isa = PBXFileReference; lastKnownFileType = file.storyboard; name = Base; path = Base.lproj/Main.storyboard; sourceTree = "<group>"; };
		4905C5D51A13D93F0022D5F6 /* Images.xcassets */ = {isa = PBXFileReference; lastKnownFileType = folder.assetcatalog; path = Images.xcassets; sourceTree = "<group>"; };
		4905C5D81A13D93F0022D5F6 /* Base */ = {isa = PBXFileReference; lastKnownFileType = file.xib; name = Base; path = Base.lproj/LaunchScreen.xib; sourceTree = "<group>"; };
		4905C5DE1A13D93F0022D5F6 /* OpenGLRedAlertTests.xctest */ = {isa = PBXFileReference; explicitFileType = wrapper.cfbundle; includeInIndex = 0; path = OpenGLRedAlertTests.xctest; sourceTree = BUILT_PRODUCTS_DIR; };
		4905C5E31A13D93F0022D5F6 /* Info.plist */ = {isa = PBXFileReference; lastKnownFileType = text.plist.xml; path = Info.plist; sourceTree = "<group>"; };
		4905C5E41A13D93F0022D5F6 /* OpenGLRedAlertTests.m */ = {isa = PBXFileReference; lastKnownFileType = sourcecode.c.objc; path = OpenGLRedAlertTests.m; sourceTree = "<group>"; };
/* End PBXFileReference section */

/* Begin PBXFrameworksBuildPhase section */
		4905C5C21A13D93F0022D5F6 /* Frameworks */ = {
			isa = PBXFrameworksBuildPhase;
			buildActionMask = 2147483647;
			files = (
			);
			runOnlyForDeploymentPostprocessing = 0;
		};
		4905C5DB1A13D93F0022D5F6 /* Frameworks */ = {
			isa = PBXFrameworksBuildPhase;
			buildActionMask = 2147483647;
			files = (
			);
			runOnlyForDeploymentPostprocessing = 0;
		};
/* End PBXFrameworksBuildPhase section */

/* Begin PBXGroup section */
		4905C5BC1A13D93F0022D5F6 = {
			isa = PBXGroup;
			children = (
				4905C5C71A13D93F0022D5F6 /* OpenGLRedAlert */,
				4905C5E11A13D93F0022D5F6 /* OpenGLRedAlertTests */,
				4905C5C61A13D93F0022D5F6 /* Products */,
			);
			sourceTree = "<group>";
		};
		4905C5C61A13D93F0022D5F6 /* Products */ = {
			isa = PBXGroup;
			children = (
				4905C5C51A13D93F0022D5F6 /* OpenGLRedAlert.app */,
				4905C5DE1A13D93F0022D5F6 /* OpenGLRedAlertTests.xctest */,
			);
			name = Products;
			sourceTree = "<group>";
		};
		4905C5C71A13D93F0022D5F6 /* OpenGLRedAlert */ = {
			isa = PBXGroup;
			children = (
				4905C5CC1A13D93F0022D5F6 /* AppDelegate.h */,
				4905C5CD1A13D93F0022D5F6 /* AppDelegate.m */,
				4905C5CF1A13D93F0022D5F6 /* ViewController.h */,
				4905C5D01A13D93F0022D5F6 /* ViewController.m */,
				4905C5D21A13D93F0022D5F6 /* Main.storyboard */,
				4905C5D51A13D93F0022D5F6 /* Images.xcassets */,
				4905C5D71A13D93F0022D5F6 /* LaunchScreen.xib */,
				4905C5C81A13D93F0022D5F6 /* Supporting Files */,
			);
			path = OpenGLRedAlert;
			sourceTree = "<group>";
		};
		4905C5C81A13D93F0022D5F6 /* Supporting Files */ = {
			isa = PBXGroup;
			children = (
				4905C5C91A13D93F0022D5F6 /* Info.plist */,
				4905C5CA1A13D93F0022D5F6 /* main.m */,
			);
			name = "Supporting Files";
			sourceTree = "<group>";
		};
		4905C5E11A13D93F0022D5F6 /* OpenGLRedAlertTests */ = {
			isa = PBXGroup;
			children = (
				4905C5E41A13D93F0022D5F6 /* OpenGLRedAlertTests.m */,
				4905C5E21A13D93F0022D5F6 /* Supporting Files */,
			);
			path = OpenGLRedAlertTests;
			sourceTree = "<group>";
		};
		4905C5E21A13D93F0022D5F6 /* Supporting Files */ = {
			isa = PBXGroup;
			children = (
				4905C5E31A13D93F0022D5F6 /* Info.plist */,
			);
			name = "Supporting Files";
			sourceTree = "<group>";
		};
/* End PBXGroup section */

/* Begin PBXNativeTarget section */
		4905C5C41A13D93F0022D5F6 /* OpenGLRedAlert */ = {
			isa = PBXNativeTarget;
			buildConfigurationList = 4905C5E81A13D93F0022D5F6 /* Build configuration list for PBXNativeTarget "OpenGLRedAlert" */;
			buildPhases = (
				4905C5C11A13D93F0022D5F6 /* Sources */,
				4905C5C21A13D93F0022D5F6 /* Frameworks */,
				4905C5C31A13D93F0022D5F6 /* Resources */,
			);
			buildRules = (
			);
			dependencies = (
			);
			name = OpenGLRedAlert;
			productName = OpenGLRedAlert;
			productReference = 4905C5C51A13D93F0022D5F6 /* OpenGLRedAlert.app */;
			productType = "com.apple.product-type.application";
		};
		4905C5DD1A13D93F0022D5F6 /* OpenGLRedAlertTests */ = {
			isa = PBXNativeTarget;
			buildConfigurationList = 4905C5EB1A13D93F0022D5F6 /* Build configuration list for PBXNativeTarget "OpenGLRedAlertTests" */;
			buildPhases = (
				4905C5DA1A13D93F0022D5F6 /* Sources */,
				4905C5DB1A13D93F0022D5F6 /* Frameworks */,
				4905C5DC1A13D93F0022D5F6 /* Resources */,
			);
			buildRules = (
			);
			dependencies = (
				4905C5E01A13D93F0022D5F6 /* PBXTargetDependency */,
			);
			name = OpenGLRedAlertTests;
			productName = OpenGLRedAlertTests;
			productReference = 4905C5DE1A13D93F0022D5F6 /* OpenGLRedAlertTests.xctest */;
			productType = "com.apple.product-type.bundle.unit-test";
		};
/* End PBXNativeTarget section */

/* Begin PBXProject section */
		4905C5BD1A13D93F0022D5F6 /* Project object */ = {
			isa = PBXProject;
			attributes = {
				LastUpgradeCheck = 0610;
				ORGANIZATIONNAME = "Wizart Interactive";
				TargetAttributes = {
					4905C5C41A13D93F0022D5F6 = {
						CreatedOnToolsVersion = 6.1;
					};
					4905C5DD1A13D93F0022D5F6 = {
						CreatedOnToolsVersion = 6.1;
						TestTargetID = 4905C5C41A13D93F0022D5F6;
					};
				};
			};
			buildConfigurationList = 4905C5C01A13D93F0022D5F6 /* Build configuration list for PBXProject "OpenGLRedAlert" */;
			compatibilityVersion = "Xcode 3.2";
			developmentRegion = English;
			hasScannedForEncodings = 0;
			knownRegions = (
				en,
				Base,
			);
			mainGroup = 4905C5BC1A13D93F0022D5F6;
			productRefGroup = 4905C5C61A13D93F0022D5F6 /* Products */;
			projectDirPath = "";
			projectRoot = "";
			targets = (
				4905C5C41A13D93F0022D5F6 /* OpenGLRedAlert */,
				4905C5DD1A13D93F0022D5F6 /* OpenGLRedAlertTests */,
			);
		};
/* End PBXProject section */

/* Begin PBXResourcesBuildPhase section */
		4905C5C31A13D93F0022D5F6 /* Resources */ = {
			isa = PBXResourcesBuildPhase;
			buildActionMask = 2147483647;
			files = (
				4905C5D41A13D93F0022D5F6 /* Main.storyboard in Resources */,
				4905C5D91A13D93F0022D5F6 /* LaunchScreen.xib in Resources */,
				4905C5D61A13D93F0022D5F6 /* Images.xcassets in Resources */,
			);
			runOnlyForDeploymentPostprocessing = 0;
		};
		4905C5DC1A13D93F0022D5F6 /* Resources */ = {
			isa = PBXResourcesBuildPhase;
			buildActionMask = 2147483647;
			files = (
			);
			runOnlyForDeploymentPostprocessing = 0;
		};
/* End PBXResourcesBuildPhase section */

/* Begin PBXSourcesBuildPhase section */
		4905C5C11A13D93F0022D5F6 /* Sources */ = {
			isa = PBXSourcesBuildPhase;
			buildActionMask = 2147483647;
			files = (
				4905C5D11A13D93F0022D5F6 /* ViewController.m in Sources */,
				4905C5CE1A13D93F0022D5F6 /* AppDelegate.m in Sources */,
				4905C5CB1A13D93F0022D5F6 /* main.m in Sources */,
			);
			runOnlyForDeploymentPostprocessing = 0;
		};
		4905C5DA1A13D93F0022D5F6 /* Sources */ = {
			isa = PBXSourcesBuildPhase;
			buildActionMask = 2147483647;
			files = (
				4905C5E51A13D93F0022D5F6 /* OpenGLRedAlertTests.m in Sources */,
			);
			runOnlyForDeploymentPostprocessing = 0;
		};
/* End PBXSourcesBuildPhase section */

/* Begin PBXTargetDependency section */
		4905C5E01A13D93F0022D5F6 /* PBXTargetDependency */ = {
			isa = PBXTargetDependency;
			target = 4905C5C41A13D93F0022D5F6 /* OpenGLRedAlert */;
			targetProxy = 4905C5DF1A13D93F0022D5F6 /* PBXContainerItemProxy */;
		};
/* End PBXTargetDependency section */

/* Begin PBXVariantGroup section */
		4905C5D21A13D93F0022D5F6 /* Main.storyboard */ = {
			isa = PBXVariantGroup;
			children = (
				4905C5D31A13D93F0022D5F6 /* Base */,
			);
			name = Main.storyboard;
			sourceTree = "<group>";
		};
		4905C5D71A13D93F0022D5F6 /* LaunchScreen.xib */ = {
			isa = PBXVariantGroup;
			children = (
				4905C5D81A13D93F0022D5F6 /* Base */,
			);
			name = LaunchScreen.xib;
			sourceTree = "<group>";
		};
/* End PBXVariantGroup section */

/* Begin XCBuildConfiguration section */
		4905C5E61A13D93F0022D5F6 /* Debug */ = {
			isa = XCBuildConfiguration;
			buildSettings = {
				ALWAYS_SEARCH_USER_PATHS = NO;
				CLANG_CXX_LANGUAGE_STANDARD = "gnu++0x";
				CLANG_CXX_LIBRARY = "libc++";
				CLANG_ENABLE_MODULES = YES;
				CLANG_ENABLE_OBJC_ARC = YES;
				CLANG_WARN_BOOL_CONVERSION = YES;
				CLANG_WARN_CONSTANT_CONVERSION = YES;
				CLANG_WARN_DIRECT_OBJC_ISA_USAGE = YES_ERROR;
				CLANG_WARN_EMPTY_BODY = YES;
				CLANG_WARN_ENUM_CONVERSION = YES;
				CLANG_WARN_INT_CONVERSION = YES;
				CLANG_WARN_OBJC_ROOT_CLASS = YES_ERROR;
				CLANG_WARN_UNREACHABLE_CODE = YES;
				CLANG_WARN__DUPLICATE_METHOD_MATCH = YES;
				"CODE_SIGN_IDENTITY[sdk=iphoneos*]" = "iPhone Developer";
				COPY_PHASE_STRIP = NO;
				ENABLE_STRICT_OBJC_MSGSEND = YES;
				GCC_C_LANGUAGE_STANDARD = gnu99;
				GCC_DYNAMIC_NO_PIC = NO;
				GCC_OPTIMIZATION_LEVEL = 0;
				GCC_PREPROCESSOR_DEFINITIONS = (
					"DEBUG=1",
					"$(inherited)",
				);
				GCC_SYMBOLS_PRIVATE_EXTERN = NO;
				GCC_WARN_64_TO_32_BIT_CONVERSION = YES;
				GCC_WARN_ABOUT_RETURN_TYPE = YES_ERROR;
				GCC_WARN_UNDECLARED_SELECTOR = YES;
				GCC_WARN_UNINITIALIZED_AUTOS = YES_AGGRESSIVE;
				GCC_WARN_UNUSED_FUNCTION = YES;
				GCC_WARN_UNUSED_VARIABLE = YES;
				IPHONEOS_DEPLOYMENT_TARGET = 8.1;
				MTL_ENABLE_DEBUG_INFO = YES;
				ONLY_ACTIVE_ARCH = YES;
				SDKROOT = iphoneos;
			};
			name = Debug;
		};
		4905C5E71A13D93F0022D5F6 /* Release */ = {
			isa = XCBuildConfiguration;
			buildSettings = {
				ALWAYS_SEARCH_USER_PATHS = NO;
				CLANG_CXX_LANGUAGE_STANDARD = "gnu++0x";
				CLANG_CXX_LIBRARY = "libc++";
				CLANG_ENABLE_MODULES = YES;
				CLANG_ENABLE_OBJC_ARC = YES;
				CLANG_WARN_BOOL_CONVERSION = YES;
				CLANG_WARN_CONSTANT_CONVERSION = YES;
				CLANG_WARN_DIRECT_OBJC_ISA_USAGE = YES_ERROR;
				CLANG_WARN_EMPTY_BODY = YES;
				CLANG_WARN_ENUM_CONVERSION = YES;
				CLANG_WARN_INT_CONVERSION = YES;
				CLANG_WARN_OBJC_ROOT_CLASS = YES_ERROR;
				CLANG_WARN_UNREACHABLE_CODE = YES;
				CLANG_WARN__DUPLICATE_METHOD_MATCH = YES;
				"CODE_SIGN_IDENTITY[sdk=iphoneos*]" = "iPhone Developer";
				COPY_PHASE_STRIP = YES;
				ENABLE_NS_ASSERTIONS = NO;
				ENABLE_STRICT_OBJC_MSGSEND = YES;
				GCC_C_LANGUAGE_STANDARD = gnu99;
				GCC_WARN_64_TO_32_BIT_CONVERSION = YES;
				GCC_WARN_ABOUT_RETURN_TYPE = YES_ERROR;
				GCC_WARN_UNDECLARED_SELECTOR = YES;
				GCC_WARN_UNINITIALIZED_AUTOS = YES_AGGRESSIVE;
				GCC_WARN_UNUSED_FUNCTION = YES;
				GCC_WARN_UNUSED_VARIABLE = YES;
				IPHONEOS_DEPLOYMENT_TARGET = 8.1;
				MTL_ENABLE_DEBUG_INFO = NO;
				SDKROOT = iphoneos;
				VALIDATE_PRODUCT = YES;
			};
			name = Release;
		};
		4905C5E91A13D93F0022D5F6 /* Debug */ = {
			isa = XCBuildConfiguration;
			buildSettings = {
				ASSETCATALOG_COMPILER_APPICON_NAME = AppIcon;
				INFOPLIST_FILE = OpenGLRedAlert/Info.plist;
				LD_RUNPATH_SEARCH_PATHS = "$(inherited) @executable_path/Frameworks";
				PRODUCT_NAME = "$(TARGET_NAME)";
			};
			name = Debug;
		};
		4905C5EA1A13D93F0022D5F6 /* Release */ = {
			isa = XCBuildConfiguration;
			buildSettings = {
				ASSETCATALOG_COMPILER_APPICON_NAME = AppIcon;
				INFOPLIST_FILE = OpenGLRedAlert/Info.plist;
				LD_RUNPATH_SEARCH_PATHS = "$(inherited) @executable_path/Frameworks";
				PRODUCT_NAME = "$(TARGET_NAME)";
			};
			name = Release;
		};
		4905C5EC1A13D93F0022D5F6 /* Debug */ = {
			isa = XCBuildConfiguration;
			buildSettings = {
				BUNDLE_LOADER = "$(TEST_HOST)";
				FRAMEWORK_SEARCH_PATHS = (
					"$(SDKROOT)/Developer/Library/Frameworks",
					"$(inherited)",
				);
				GCC_PREPROCESSOR_DEFINITIONS = (
					"DEBUG=1",
					"$(inherited)",
				);
				INFOPLIST_FILE = OpenGLRedAlertTests/Info.plist;
				LD_RUNPATH_SEARCH_PATHS = "$(inherited) @executable_path/Frameworks @loader_path/Frameworks";
				PRODUCT_NAME = "$(TARGET_NAME)";
				TEST_HOST = "$(BUILT_PRODUCTS_DIR)/OpenGLRedAlert.app/OpenGLRedAlert";
			};
			name = Debug;
		};
		4905C5ED1A13D93F0022D5F6 /* Release */ = {
			isa = XCBuildConfiguration;
			buildSettings = {
				BUNDLE_LOADER = "$(TEST_HOST)";
				FRAMEWORK_SEARCH_PATHS = (
					"$(SDKROOT)/Developer/Library/Frameworks",
					"$(inherited)",
				);
				INFOPLIST_FILE = OpenGLRedAlertTests/Info.plist;
				LD_RUNPATH_SEARCH_PATHS = "$(inherited) @executable_path/Frameworks @loader_path/Frameworks";
				PRODUCT_NAME = "$(TARGET_NAME)";
				TEST_HOST = "$(BUILT_PRODUCTS_DIR)/OpenGLRedAlert.app/OpenGLRedAlert";
			};
			name = Release;
		};
/* End XCBuildConfiguration section */

/* Begin XCConfigurationList section */
		4905C5C01A13D93F0022D5F6 /* Build configuration list for PBXProject "OpenGLRedAlert" */ = {
			isa = XCConfigurationList;
			buildConfigurations = (
				4905C5E61A13D93F0022D5F6 /* Debug */,
				4905C5E71A13D93F0022D5F6 /* Release */,
			);
			defaultConfigurationIsVisible = 0;
			defaultConfigurationName = Release;
		};
		4905C5E81A13D93F0022D5F6 /* Build configuration list for PBXNativeTarget "OpenGLRedAlert" */ = {
			isa = XCConfigurationList;
			buildConfigurations = (
				4905C5E91A13D93F0022D5F6 /* Debug */,
				4905C5EA1A13D93F0022D5F6 /* Release */,
			);
			defaultConfigurationIsVisible = 0;
		};
		4905C5EB1A13D93F0022D5F6 /* Build configuration list for PBXNativeTarget "OpenGLRedAlertTests" */ = {
			isa = XCConfigurationList;
			buildConfigurations = (
				4905C5EC1A13D93F0022D5F6 /* Debug */,
				4905C5ED1A13D93F0022D5F6 /* Release */,
			);
			defaultConfigurationIsVisible = 0;
		};
/* End XCConfigurationList section */
	};
	rootObject = 4905C5BD1A13D93F0022D5F6 /* Project object */;
}
